
Microsoft Visual Studio Solution File, Format Version 12.00
# Visual Studio Version 17
VisualStudioVersion = 17.5.002.0
MinimumVisualStudioVersion = 10.0.40219.1
Project("{9A19103F-16F7-4668-BE54-9A1E7A4F7556}") = "Proj-Console-LanHouse", "Proj-Console-LanHouse.csproj", "{9983CD4B-3D52-450C-A07A-7F3A2D3B13BB}"
EndProject
Global
	GlobalSection(SolutionConfigurationPlatforms) = preSolution
		Debug|Any CPU = Debug|Any CPU
		Release|Any CPU = Release|Any CPU
	EndGlobalSection
	GlobalSection(ProjectConfigurationPlatforms) = postSolution
		{9983CD4B-3D52-450C-A07A-7F3A2D3B13BB}.Debug|Any CPU.ActiveCfg = Debug|Any CPU
		{9983CD4B-3D52-450C-A07A-7F3A2D3B13BB}.Debug|Any CPU.Build.0 = Debug|Any CPU
		{9983CD4B-3D52-450C-A07A-7F3A2D3B13BB}.Release|Any CPU.ActiveCfg = Release|Any CPU
		{9983CD4B-3D52-450C-A07A-7F3A2D3B13BB}.Release|Any CPU.Build.0 = Release|Any CPU
	EndGlobalSection
	GlobalSection(SolutionProperties) = preSolution
		HideSolutionNode = FALSE
	EndGlobalSection
	GlobalSection(ExtensibilityGlobals) = postSolution
		SolutionGuid = {FC7BB234-8F5A-4CC9-BDE9-9E6072F4E52E}
	EndGlobalSection
EndGlobal
